
Microsoft Visual Studio Solution File, Format Version 12.00
# Visual Studio Version 17
VisualStudioVersion = 17.4.33110.190
MinimumVisualStudioVersion = 10.0.40219.1
Project("{9A19103F-16F7-4668-BE54-9A1E7A4F7556}") = "HealthHarmony.WebApi", "HealthHarmony.WebApi\HealthHarmony.WebApi.csproj", "{25099F7E-B076-46E3-A3A8-20642C9ECDD6}"
EndProject
Project("{9A19103F-16F7-4668-BE54-9A1E7A4F7556}") = "HealthHarmony.Auth", "HealthHarmony.Auth\HealthHarmony.Auth.csproj", "{5380CA84-6C51-47D9-A946-D6D92C00B3E2}"
EndProject
Project("{9A19103F-16F7-4668-BE54-9A1E7A4F7556}") = "HealthHarmony.SQL", "HealthHarmony.SQL\HealthHarmony.SQL.csproj", "{20F1C498-5DE3-4953-9A7F-5093A155CF16}"
EndProject
Project("{9A19103F-16F7-4668-BE54-9A1E7A4F7556}") = "HealthHarmony.Clinics", "HealthHarmony.Clinics\HealthHarmony.Clinics.csproj", "{4A4D01C9-51C4-49C3-BC8D-545D84F92824}"
EndProject
Project("{9A19103F-16F7-4668-BE54-9A1E7A4F7556}") = "HealthHarmony.Common", "HealthHarmony.Common\HealthHarmony.Common.csproj", "{1A6D106D-64DE-49C1-90CD-AD972E21D011}"
EndProject
Project("{9A19103F-16F7-4668-BE54-9A1E7A4F7556}") = "HealthHarmony.Addresses", "HealthHarmony.Addresses\HealthHarmony.Addresses.csproj", "{C80B7D8E-98D1-46E3-9C04-44D5D97AB922}"
EndProject
Project("{9A19103F-16F7-4668-BE54-9A1E7A4F7556}") = "HealthHarmony.SQLRepository", "HealthHarmony.SQLRepository\HealthHarmony.SQLRepository.csproj", "{C6154056-4ABE-43F0-8AC7-831A304A077B}"
EndProject
Project("{9A19103F-16F7-4668-BE54-9A1E7A4F7556}") = "HealthHarmony.Models", "HealthHarmony.Models\HealthHarmony.Models.csproj", "{C664104A-B9C7-4308-BD72-9396CA766C8D}"
EndProject
Project("{FAE04EC0-301F-11D3-BF4B-00C04F79EFBC}") = "HealthHarmony.Doctors", "HealthHarmony.Doctors\HealthHarmony.Doctors.csproj", "{A1C01AB1-BDF4-44DA-9109-57BDA20F861F}"
EndProject
Global
	GlobalSection(SolutionConfigurationPlatforms) = preSolution
		Debug|Any CPU = Debug|Any CPU
		Release|Any CPU = Release|Any CPU
	EndGlobalSection
	GlobalSection(ProjectConfigurationPlatforms) = postSolution
		{25099F7E-B076-46E3-A3A8-20642C9ECDD6}.Debug|Any CPU.ActiveCfg = Debug|Any CPU
		{25099F7E-B076-46E3-A3A8-20642C9ECDD6}.Debug|Any CPU.Build.0 = Debug|Any CPU
		{25099F7E-B076-46E3-A3A8-20642C9ECDD6}.Release|Any CPU.ActiveCfg = Release|Any CPU
		{25099F7E-B076-46E3-A3A8-20642C9ECDD6}.Release|Any CPU.Build.0 = Release|Any CPU
		{5380CA84-6C51-47D9-A946-D6D92C00B3E2}.Debug|Any CPU.ActiveCfg = Debug|Any CPU
		{5380CA84-6C51-47D9-A946-D6D92C00B3E2}.Debug|Any CPU.Build.0 = Debug|Any CPU
		{5380CA84-6C51-47D9-A946-D6D92C00B3E2}.Release|Any CPU.ActiveCfg = Release|Any CPU
		{5380CA84-6C51-47D9-A946-D6D92C00B3E2}.Release|Any CPU.Build.0 = Release|Any CPU
		{20F1C498-5DE3-4953-9A7F-5093A155CF16}.Debug|Any CPU.ActiveCfg = Debug|Any CPU
		{20F1C498-5DE3-4953-9A7F-5093A155CF16}.Debug|Any CPU.Build.0 = Debug|Any CPU
		{20F1C498-5DE3-4953-9A7F-5093A155CF16}.Release|Any CPU.ActiveCfg = Release|Any CPU
		{20F1C498-5DE3-4953-9A7F-5093A155CF16}.Release|Any CPU.Build.0 = Release|Any CPU
		{4A4D01C9-51C4-49C3-BC8D-545D84F92824}.Debug|Any CPU.ActiveCfg = Debug|Any CPU
		{4A4D01C9-51C4-49C3-BC8D-545D84F92824}.Debug|Any CPU.Build.0 = Debug|Any CPU
		{4A4D01C9-51C4-49C3-BC8D-545D84F92824}.Release|Any CPU.ActiveCfg = Release|Any CPU
		{4A4D01C9-51C4-49C3-BC8D-545D84F92824}.Release|Any CPU.Build.0 = Release|Any CPU
		{1A6D106D-64DE-49C1-90CD-AD972E21D011}.Debug|Any CPU.ActiveCfg = Debug|Any CPU
		{1A6D106D-64DE-49C1-90CD-AD972E21D011}.Debug|Any CPU.Build.0 = Debug|Any CPU
		{1A6D106D-64DE-49C1-90CD-AD972E21D011}.Release|Any CPU.ActiveCfg = Release|Any CPU
		{1A6D106D-64DE-49C1-90CD-AD972E21D011}.Release|Any CPU.Build.0 = Release|Any CPU
		{C80B7D8E-98D1-46E3-9C04-44D5D97AB922}.Debug|Any CPU.ActiveCfg = Debug|Any CPU
		{C80B7D8E-98D1-46E3-9C04-44D5D97AB922}.Debug|Any CPU.Build.0 = Debug|Any CPU
		{C80B7D8E-98D1-46E3-9C04-44D5D97AB922}.Release|Any CPU.ActiveCfg = Release|Any CPU
		{C80B7D8E-98D1-46E3-9C04-44D5D97AB922}.Release|Any CPU.Build.0 = Release|Any CPU
		{C6154056-4ABE-43F0-8AC7-831A304A077B}.Debug|Any CPU.ActiveCfg = Debug|Any CPU
		{C6154056-4ABE-43F0-8AC7-831A304A077B}.Debug|Any CPU.Build.0 = Debug|Any CPU
		{C6154056-4ABE-43F0-8AC7-831A304A077B}.Release|Any CPU.ActiveCfg = Release|Any CPU
		{C6154056-4ABE-43F0-8AC7-831A304A077B}.Release|Any CPU.Build.0 = Release|Any CPU
		{C664104A-B9C7-4308-BD72-9396CA766C8D}.Debug|Any CPU.ActiveCfg = Debug|Any CPU
		{C664104A-B9C7-4308-BD72-9396CA766C8D}.Debug|Any CPU.Build.0 = Debug|Any CPU
		{C664104A-B9C7-4308-BD72-9396CA766C8D}.Release|Any CPU.ActiveCfg = Release|Any CPU
		{C664104A-B9C7-4308-BD72-9396CA766C8D}.Release|Any CPU.Build.0 = Release|Any CPU
		{A1C01AB1-BDF4-44DA-9109-57BDA20F861F}.Debug|Any CPU.ActiveCfg = Debug|Any CPU
		{A1C01AB1-BDF4-44DA-9109-57BDA20F861F}.Debug|Any CPU.Build.0 = Debug|Any CPU
		{A1C01AB1-BDF4-44DA-9109-57BDA20F861F}.Release|Any CPU.ActiveCfg = Release|Any CPU
		{A1C01AB1-BDF4-44DA-9109-57BDA20F861F}.Release|Any CPU.Build.0 = Release|Any CPU
	EndGlobalSection
	GlobalSection(SolutionProperties) = preSolution
		HideSolutionNode = FALSE
	EndGlobalSection
	GlobalSection(ExtensibilityGlobals) = postSolution
		SolutionGuid = {901502A2-A6DD-47E4-A9B3-2CE17892CB4B}
	EndGlobalSection
EndGlobal
